Microsoft Visual Studio Solution File, Format Version 12.00
# Visual Studio 2012
Project("{FAE04EC0-301F-11D3-BF4B-00C04F79EFBC}") = "Chess1", "Chess1.csproj", "{9DFB56BD-3890-419F-B2EB-52AB0BC111CF}"
EndProject
Global
	GlobalSection(SolutionConfigurationPlatforms) = preSolution
	Debug|Any CPU = Debug|Any CPU
	ExportDebug|Any CPU = ExportDebug|Any CPU
	ExportRelease|Any CPU = ExportRelease|Any CPU
	EndGlobalSection
	GlobalSection(ProjectConfigurationPlatforms) = postSolution
		{9DFB56BD-3890-419F-B2EB-52AB0BC111CF}.Debug|Any CPU.ActiveCfg = Debug|Any CPU
		{9DFB56BD-3890-419F-B2EB-52AB0BC111CF}.Debug|Any CPU.Build.0 = Debug|Any CPU
		{9DFB56BD-3890-419F-B2EB-52AB0BC111CF}.ExportDebug|Any CPU.ActiveCfg = ExportDebug|Any CPU
		{9DFB56BD-3890-419F-B2EB-52AB0BC111CF}.ExportDebug|Any CPU.Build.0 = ExportDebug|Any CPU
		{9DFB56BD-3890-419F-B2EB-52AB0BC111CF}.ExportRelease|Any CPU.ActiveCfg = ExportRelease|Any CPU
		{9DFB56BD-3890-419F-B2EB-52AB0BC111CF}.ExportRelease|Any CPU.Build.0 = ExportRelease|Any CPU
	EndGlobalSection
EndGlobal
